
Microsoft Visual Studio Solution File, Format Version 12.00
# Visual Studio Version 16
VisualStudioVersion = 16.0.30413.136
MinimumVisualStudioVersion = 10.0.40219.1
Project("{9A19103F-16F7-4668-BE54-9A1E7A4F7556}") = "SoupMover", "SoupMover.csproj", "{E08120D4-2DDF-469C-863D-F83041E3A302}"
EndProject
Project("{9A19103F-16F7-4668-BE54-9A1E7A4F7556}") = "SoupMoverTests", "..\SoupMoverTests\SoupMoverTests.csproj", "{C1215C84-91DE-4A43-B542-0CAF0C9D517E}"
EndProject
Project("{2150E333-8FDC-42A3-9474-1A3956D46DE8}") = "Solution Items", "Solution Items", "{F7A40EF7-068A-4F72-B826-B541BDFBE5CF}"
	ProjectSection(SolutionItems) = preProject
		.editorconfig = .editorconfig
	EndProjectSection
EndProject
Global
	GlobalSection(SolutionConfigurationPlatforms) = preSolution
		Debug|Any CPU = Debug|Any CPU
		Debug|x64 = Debug|x64
		Debug|x86 = Debug|x86
		Release|Any CPU = Release|Any CPU
		Release|x64 = Release|x64
		Release|x86 = Release|x86
	EndGlobalSection
	GlobalSection(ProjectConfigurationPlatforms) = postSolution
		{E08120D4-2DDF-469C-863D-F83041E3A302}.Debug|Any CPU.ActiveCfg = Debug|Any CPU
		{E08120D4-2DDF-469C-863D-F83041E3A302}.Debug|Any CPU.Build.0 = Debug|Any CPU
		{E08120D4-2DDF-469C-863D-F83041E3A302}.Debug|x64.ActiveCfg = Debug|x64
		{E08120D4-2DDF-469C-863D-F83041E3A302}.Debug|x64.Build.0 = Debug|x64
		{E08120D4-2DDF-469C-863D-F83041E3A302}.Debug|x86.ActiveCfg = Debug|x86
		{E08120D4-2DDF-469C-863D-F83041E3A302}.Debug|x86.Build.0 = Debug|x86
		{E08120D4-2DDF-469C-863D-F83041E3A302}.Release|Any CPU.ActiveCfg = Release|Any CPU
		{E08120D4-2DDF-469C-863D-F83041E3A302}.Release|Any CPU.Build.0 = Release|Any CPU
		{E08120D4-2DDF-469C-863D-F83041E3A302}.Release|x64.ActiveCfg = Release|x64
		{E08120D4-2DDF-469C-863D-F83041E3A302}.Release|x64.Build.0 = Release|x64
		{E08120D4-2DDF-469C-863D-F83041E3A302}.Release|x86.ActiveCfg = Release|x86
		{E08120D4-2DDF-469C-863D-F83041E3A302}.Release|x86.Build.0 = Release|x86
		{C1215C84-91DE-4A43-B542-0CAF0C9D517E}.Debug|Any CPU.ActiveCfg = Debug|Any CPU
		{C1215C84-91DE-4A43-B542-0CAF0C9D517E}.Debug|Any CPU.Build.0 = Debug|Any CPU
		{C1215C84-91DE-4A43-B542-0CAF0C9D517E}.Debug|x64.ActiveCfg = Debug|Any CPU
		{C1215C84-91DE-4A43-B542-0CAF0C9D517E}.Debug|x64.Build.0 = Debug|Any CPU
		{C1215C84-91DE-4A43-B542-0CAF0C9D517E}.Debug|x86.ActiveCfg = Debug|Any CPU
		{C1215C84-91DE-4A43-B542-0CAF0C9D517E}.Debug|x86.Build.0 = Debug|Any CPU
		{C1215C84-91DE-4A43-B542-0CAF0C9D517E}.Release|Any CPU.ActiveCfg = Release|Any CPU
		{C1215C84-91DE-4A43-B542-0CAF0C9D517E}.Release|Any CPU.Build.0 = Release|Any CPU
		{C1215C84-91DE-4A43-B542-0CAF0C9D517E}.Release|x64.ActiveCfg = Release|Any CPU
		{C1215C84-91DE-4A43-B542-0CAF0C9D517E}.Release|x64.Build.0 = Release|Any CPU
		{C1215C84-91DE-4A43-B542-0CAF0C9D517E}.Release|x86.ActiveCfg = Release|Any CPU
		{C1215C84-91DE-4A43-B542-0CAF0C9D517E}.Release|x86.Build.0 = Release|Any CPU
	EndGlobalSection
	GlobalSection(SolutionProperties) = preSolution
		HideSolutionNode = FALSE
	EndGlobalSection
	GlobalSection(ExtensibilityGlobals) = postSolution
		SolutionGuid = {BC5C4D4D-F40B-4091-9572-A221CD609F66}
	EndGlobalSection
EndGlobal
